
Microsoft Visual Studio Solution File, Format Version 12.00
# Visual Studio 15
VisualStudioVersion = 15.0.26730.15
MinimumVisualStudioVersion = 10.0.40219.1
Project("{9A19103F-16F7-4668-BE54-9A1E7A4F7556}") = "ShoppingCart", "ShoppingCart\ShoppingCart.csproj", "{AFC40DB0-DDC5-448E-A1BF-517B292472E5}"
EndProject
Project("{FAE04EC0-301F-11D3-BF4B-00C04F79EFBC}") = "ShoppingCartProject", "ShoppingCartProject\ShoppingCartProject.csproj", "{75E97410-DE98-4FB4-ACAF-394D454159E7}"
EndProject
Global
	GlobalSection(SolutionConfigurationPlatforms) = preSolution
		Debug|Any CPU = Debug|Any CPU
		Release|Any CPU = Release|Any CPU
	EndGlobalSection
	GlobalSection(ProjectConfigurationPlatforms) = postSolution
		{AFC40DB0-DDC5-448E-A1BF-517B292472E5}.Debug|Any CPU.ActiveCfg = Debug|Any CPU
		{AFC40DB0-DDC5-448E-A1BF-517B292472E5}.Debug|Any CPU.Build.0 = Debug|Any CPU
		{AFC40DB0-DDC5-448E-A1BF-517B292472E5}.Release|Any CPU.ActiveCfg = Release|Any CPU
		{AFC40DB0-DDC5-448E-A1BF-517B292472E5}.Release|Any CPU.Build.0 = Release|Any CPU
		{75E97410-DE98-4FB4-ACAF-394D454159E7}.Debug|Any CPU.ActiveCfg = Debug|Any CPU
		{75E97410-DE98-4FB4-ACAF-394D454159E7}.Debug|Any CPU.Build.0 = Debug|Any CPU
		{75E97410-DE98-4FB4-ACAF-394D454159E7}.Release|Any CPU.ActiveCfg = Release|Any CPU
		{75E97410-DE98-4FB4-ACAF-394D454159E7}.Release|Any CPU.Build.0 = Release|Any CPU
	EndGlobalSection
	GlobalSection(SolutionProperties) = preSolution
		HideSolutionNode = FALSE
	EndGlobalSection
	GlobalSection(ExtensibilityGlobals) = postSolution
		SolutionGuid = {14BFB5E5-25CB-451F-A59E-065081106FD9}
	EndGlobalSection
EndGlobal
